// !$*UTF8*$!
{
	archiveVersion = 1;
	classes = {
	};
	objectVersion = 50;
	objects = {

/* Begin PBXBuildFile section */
		78D2E73E20BEA1E8002D8CC0 /* AppDelegate.swift in Sources */ = {isa = PBXBuildFile; fileRef = 78D2E73D20BEA1E8002D8CC0 /* AppDelegate.swift */; };
		78D2E74020BEA1E8002D8CC0 /* ViewController.swift in Sources */ = {isa = PBXBuildFile; fileRef = 78D2E73F20BEA1E8002D8CC0 /* ViewController.swift */; };
		78D2E74320BEA1E8002D8CC0 /* Main.storyboard in Resources */ = {isa = PBXBuildFile; fileRef = 78D2E74120BEA1E8002D8CC0 /* Main.storyboard */; };
		78D2E74520BEA1EA002D8CC0 /* Assets.xcassets in Resources */ = {isa = PBXBuildFile; fileRef = 78D2E74420BEA1EA002D8CC0 /* Assets.xcassets */; };
		78D2E74820BEA1EA002D8CC0 /* LaunchScreen.storyboard in Resources */ = {isa = PBXBuildFile; fileRef = 78D2E74620BEA1EA002D8CC0 /* LaunchScreen.storyboard */; };
		78D2E75320BEA1EA002D8CC0 /* LernGruppeTests.swift in Sources */ = {isa = PBXBuildFile; fileRef = 78D2E75220BEA1EA002D8CC0 /* LernGruppeTests.swift */; };
		78D2E75E20BEA1EA002D8CC0 /* LernGruppeUITests.swift in Sources */ = {isa = PBXBuildFile; fileRef = 78D2E75D20BEA1EA002D8CC0 /* LernGruppeUITests.swift */; };
/* End PBXBuildFile section */

/* Begin PBXContainerItemProxy section */
		78D2E74F20BEA1EA002D8CC0 /* PBXContainerItemProxy */ = {
			isa = PBXContainerItemProxy;
			containerPortal = 78D2E73220BEA1E7002D8CC0 /* Project object */;
			proxyType = 1;
			remoteGlobalIDString = 78D2E73920BEA1E7002D8CC0;
			remoteInfo = LernGruppe;
		};
		78D2E75A20BEA1EA002D8CC0 /* PBXContainerItemProxy */ = {
			isa = PBXContainerItemProxy;
			containerPortal = 78D2E73220BEA1E7002D8CC0 /* Project object */;
			proxyType = 1;
			remoteGlobalIDString = 78D2E73920BEA1E7002D8CC0;
			remoteInfo = LernGruppe;
		};
/* End PBXContainerItemProxy section */

/* Begin PBXFileReference section */
		78D2E73A20BEA1E8002D8CC0 /* LernGruppe.app */ = {isa = PBXFileReference; explicitFileType = wrapper.application; includeInIndex = 0; path = LernGruppe.app; sourceTree = BUILT_PRODUCTS_DIR; };
		78D2E73D20BEA1E8002D8CC0 /* AppDelegate.swift */ = {isa = PBXFileReference; lastKnownFileType = sourcecode.swift; path = AppDelegate.swift; sourceTree = "<group>"; };
		78D2E73F20BEA1E8002D8CC0 /* ViewController.swift */ = {isa = PBXFileReference; lastKnownFileType = sourcecode.swift; path = ViewController.swift; sourceTree = "<group>"; };
		78D2E74220BEA1E8002D8CC0 /* Base */ = {isa = PBXFileReference; lastKnownFileType = file.storyboard; name = Base; path = Base.lproj/Main.storyboard; sourceTree = "<group>"; };
		78D2E74420BEA1EA002D8CC0 /* Assets.xcassets */ = {isa = PBXFileReference; lastKnownFileType = folder.assetcatalog; path = Assets.xcassets; sourceTree = "<group>"; };
		78D2E74720BEA1EA002D8CC0 /* Base */ = {isa = PBXFileReference; lastKnownFileType = file.storyboard; name = Base; path = Base.lproj/LaunchScreen.storyboard; sourceTree = "<group>"; };
		78D2E74920BEA1EA002D8CC0 /* Info.plist */ = {isa = PBXFileReference; lastKnownFileType = text.plist.xml; path = Info.plist; sourceTree = "<group>"; };
		78D2E74E20BEA1EA002D8CC0 /* LernGruppeTests.xctest */ = {isa = PBXFileReference; explicitFileType = wrapper.cfbundle; includeInIndex = 0; path = LernGruppeTests.xctest; sourceTree = BUILT_PRODUCTS_DIR; };
		78D2E75220BEA1EA002D8CC0 /* LernGruppeTests.swift */ = {isa = PBXFileReference; lastKnownFileType = sourcecode.swift; path = LernGruppeTests.swift; sourceTree = "<group>"; };
		78D2E75420BEA1EA002D8CC0 /* Info.plist */ = {isa = PBXFileReference; lastKnownFileType = text.plist.xml; path = Info.plist; sourceTree = "<group>"; };
		78D2E75920BEA1EA002D8CC0 /* LernGruppeUITests.xctest */ = {isa = PBXFileReference; explicitFileType = wrapper.cfbundle; includeInIndex = 0; path = LernGruppeUITests.xctest; sourceTree = BUILT_PRODUCTS_DIR; };
		78D2E75D20BEA1EA002D8CC0 /* LernGruppeUITests.swift */ = {isa = PBXFileReference; lastKnownFileType = sourcecode.swift; path = LernGruppeUITests.swift; sourceTree = "<group>"; };
		78D2E75F20BEA1EA002D8CC0 /* Info.plist */ = {isa = PBXFileReference; lastKnownFileType = text.plist.xml; path = Info.plist; sourceTree = "<group>"; };
/* End PBXFileReference section */

/* Begin PBXFrameworksBuildPhase section */
		78D2E73720BEA1E7002D8CC0 /* Frameworks */ = {
			isa = PBXFrameworksBuildPhase;
			buildActionMask = 2147483647;
			files = (
			);
			runOnlyForDeploymentPostprocessing = 0;
		};
		78D2E74B20BEA1EA002D8CC0 /* Frameworks */ = {
			isa = PBXFrameworksBuildPhase;
			buildActionMask = 2147483647;
			files = (
			);
			runOnlyForDeploymentPostprocessing = 0;
		};
		78D2E75620BEA1EA002D8CC0 /* Frameworks */ = {
			isa = PBXFrameworksBuildPhase;
			buildActionMask = 2147483647;
			files = (
			);
			runOnlyForDeploymentPostprocessing = 0;
		};
/* End PBXFrameworksBuildPhase section */

/* Begin PBXGroup section */
		78D2E73120BEA1E7002D8CC0 = {
			isa = PBXGroup;
			children = (
				78D2E73C20BEA1E8002D8CC0 /* LernGruppe */,
				78D2E75120BEA1EA002D8CC0 /* LernGruppeTests */,
				78D2E75C20BEA1EA002D8CC0 /* LernGruppeUITests */,
				78D2E73B20BEA1E8002D8CC0 /* Products */,
			);
			sourceTree = "<group>";
		};
		78D2E73B20BEA1E8002D8CC0 /* Products */ = {
			isa = PBXGroup;
			children = (
				78D2E73A20BEA1E8002D8CC0 /* LernGruppe.app */,
				78D2E74E20BEA1EA002D8CC0 /* LernGruppeTests.xctest */,
				78D2E75920BEA1EA002D8CC0 /* LernGruppeUITests.xctest */,
			);
			name = Products;
			sourceTree = "<group>";
		};
		78D2E73C20BEA1E8002D8CC0 /* LernGruppe */ = {
			isa = PBXGroup;
			children = (
				78D2E73D20BEA1E8002D8CC0 /* AppDelegate.swift */,
				78D2E73F20BEA1E8002D8CC0 /* ViewController.swift */,
				78D2E74120BEA1E8002D8CC0 /* Main.storyboard */,
				78D2E74420BEA1EA002D8CC0 /* Assets.xcassets */,
				78D2E74620BEA1EA002D8CC0 /* LaunchScreen.storyboard */,
				78D2E74920BEA1EA002D8CC0 /* Info.plist */,
			);
			path = LernGruppe;
			sourceTree = "<group>";
		};
		78D2E75120BEA1EA002D8CC0 /* LernGruppeTests */ = {
			isa = PBXGroup;
			children = (
				78D2E75220BEA1EA002D8CC0 /* LernGruppeTests.swift */,
				78D2E75420BEA1EA002D8CC0 /* Info.plist */,
			);
			path = LernGruppeTests;
			sourceTree = "<group>";
		};
		78D2E75C20BEA1EA002D8CC0 /* LernGruppeUITests */ = {
			isa = PBXGroup;
			children = (
				78D2E75D20BEA1EA002D8CC0 /* LernGruppeUITests.swift */,
				78D2E75F20BEA1EA002D8CC0 /* Info.plist */,
			);
			path = LernGruppeUITests;
			sourceTree = "<group>";
		};
/* End PBXGroup section */

/* Begin PBXNativeTarget section */
		78D2E73920BEA1E7002D8CC0 /* LernGruppe */ = {
			isa = PBXNativeTarget;
			buildConfigurationList = 78D2E76220BEA1EA002D8CC0 /* Build configuration list for PBXNativeTarget "LernGruppe" */;
			buildPhases = (
				78D2E73620BEA1E7002D8CC0 /* Sources */,
				78D2E73720BEA1E7002D8CC0 /* Frameworks */,
				78D2E73820BEA1E7002D8CC0 /* Resources */,
			);
			buildRules = (
			);
			dependencies = (
			);
			name = LernGruppe;
			productName = LernGruppe;
			productReference = 78D2E73A20BEA1E8002D8CC0 /* LernGruppe.app */;
			productType = "com.apple.product-type.application";
		};
		78D2E74D20BEA1EA002D8CC0 /* LernGruppeTests */ = {
			isa = PBXNativeTarget;
			buildConfigurationList = 78D2E76520BEA1EA002D8CC0 /* Build configuration list for PBXNativeTarget "LernGruppeTests" */;
			buildPhases = (
				78D2E74A20BEA1EA002D8CC0 /* Sources */,
				78D2E74B20BEA1EA002D8CC0 /* Frameworks */,
				78D2E74C20BEA1EA002D8CC0 /* Resources */,
			);
			buildRules = (
			);
			dependencies = (
				78D2E75020BEA1EA002D8CC0 /* PBXTargetDependency */,
			);
			name = LernGruppeTests;
			productName = LernGruppeTests;
			productReference = 78D2E74E20BEA1EA002D8CC0 /* LernGruppeTests.xctest */;
			productType = "com.apple.product-type.bundle.unit-test";
		};
		78D2E75820BEA1EA002D8CC0 /* LernGruppeUITests */ = {
			isa = PBXNativeTarget;
			buildConfigurationList = 78D2E76820BEA1EA002D8CC0 /* Build configuration list for PBXNativeTarget "LernGruppeUITests" */;
			buildPhases = (
				78D2E75520BEA1EA002D8CC0 /* Sources */,
				78D2E75620BEA1EA002D8CC0 /* Frameworks */,
				78D2E75720BEA1EA002D8CC0 /* Resources */,
			);
			buildRules = (
			);
			dependencies = (
				78D2E75B20BEA1EA002D8CC0 /* PBXTargetDependency */,
			);
			name = LernGruppeUITests;
			productName = LernGruppeUITests;
			productReference = 78D2E75920BEA1EA002D8CC0 /* LernGruppeUITests.xctest */;
			productType = "com.apple.product-type.bundle.ui-testing";
		};
/* End PBXNativeTarget section */

/* Begin PBXProject section */
		78D2E73220BEA1E7002D8CC0 /* Project object */ = {
			isa = PBXProject;
			attributes = {
				LastSwiftUpdateCheck = 0930;
				LastUpgradeCheck = 0930;
				ORGANIZATIONNAME = BulBul;
				TargetAttributes = {
					78D2E73920BEA1E7002D8CC0 = {
						CreatedOnToolsVersion = 9.3.1;
					};
					78D2E74D20BEA1EA002D8CC0 = {
						CreatedOnToolsVersion = 9.3.1;
						TestTargetID = 78D2E73920BEA1E7002D8CC0;
					};
					78D2E75820BEA1EA002D8CC0 = {
						CreatedOnToolsVersion = 9.3.1;
						TestTargetID = 78D2E73920BEA1E7002D8CC0;
					};
				};
			};
			buildConfigurationList = 78D2E73520BEA1E7002D8CC0 /* Build configuration list for PBXProject "LernGruppe" */;
			compatibilityVersion = "Xcode 9.3";
			developmentRegion = en;
			hasScannedForEncodings = 0;
			knownRegions = (
				en,
				Base,
			);
			mainGroup = 78D2E73120BEA1E7002D8CC0;
			productRefGroup = 78D2E73B20BEA1E8002D8CC0 /* Products */;
			projectDirPath = "";
			projectRoot = "";
			targets = (
				78D2E73920BEA1E7002D8CC0 /* LernGruppe */,
				78D2E74D20BEA1EA002D8CC0 /* LernGruppeTests */,
				78D2E75820BEA1EA002D8CC0 /* LernGruppeUITests */,
			);
		};
/* End PBXProject section */

/* Begin PBXResourcesBuildPhase section */
		78D2E73820BEA1E7002D8CC0 /* Resources */ = {
			isa = PBXResourcesBuildPhase;
			buildActionMask = 2147483647;
			files = (
				78D2E74820BEA1EA002D8CC0 /* LaunchScreen.storyboard in Resources */,
				78D2E74520BEA1EA002D8CC0 /* Assets.xcassets in Resources */,
				78D2E74320BEA1E8002D8CC0 /* Main.storyboard in Resources */,
			);
			runOnlyForDeploymentPostprocessing = 0;
		};
		78D2E74C20BEA1EA002D8CC0 /* Resources */ = {
			isa = PBXResourcesBuildPhase;
			buildActionMask = 2147483647;
			files = (
			);
			runOnlyForDeploymentPostprocessing = 0;
		};
		78D2E75720BEA1EA002D8CC0 /* Resources */ = {
			isa = PBXResourcesBuildPhase;
			buildActionMask = 2147483647;
			files = (
			);
			runOnlyForDeploymentPostprocessing = 0;
		};
/* End PBXResourcesBuildPhase section */

/* Begin PBXSourcesBuildPhase section */
		78D2E73620BEA1E7002D8CC0 /* Sources */ = {
			isa = PBXSourcesBuildPhase;
			buildActionMask = 2147483647;
			files = (
				78D2E74020BEA1E8002D8CC0 /* ViewController.swift in Sources */,
				78D2E73E20BEA1E8002D8CC0 /* AppDelegate.swift in Sources */,
			);
			runOnlyForDeploymentPostprocessing = 0;
		};
		78D2E74A20BEA1EA002D8CC0 /* Sources */ = {
			isa = PBXSourcesBuildPhase;
			buildActionMask = 2147483647;
			files = (
				78D2E75320BEA1EA002D8CC0 /* LernGruppeTests.swift in Sources */,
			);
			runOnlyForDeploymentPostprocessing = 0;
		};
		78D2E75520BEA1EA002D8CC0 /* Sources */ = {
			isa = PBXSourcesBuildPhase;
			buildActionMask = 2147483647;
			files = (
				78D2E75E20BEA1EA002D8CC0 /* LernGruppeUITests.swift in Sources */,
			);
			runOnlyForDeploymentPostprocessing = 0;
		};
/* End PBXSourcesBuildPhase section */

/* Begin PBXTargetDependency section */
		78D2E75020BEA1EA002D8CC0 /* PBXTargetDependency */ = {
			isa = PBXTargetDependency;
			target = 78D2E73920BEA1E7002D8CC0 /* LernGruppe */;
			targetProxy = 78D2E74F20BEA1EA002D8CC0 /* PBXContainerItemProxy */;
		};
		78D2E75B20BEA1EA002D8CC0 /* PBXTargetDependency */ = {
			isa = PBXTargetDependency;
			target = 78D2E73920BEA1E7002D8CC0 /* LernGruppe */;
			targetProxy = 78D2E75A20BEA1EA002D8CC0 /* PBXContainerItemProxy */;
		};
/* End PBXTargetDependency section */

/* Begin PBXVariantGroup section */
		78D2E74120BEA1E8002D8CC0 /* Main.storyboard */ = {
			isa = PBXVariantGroup;
			children = (
				78D2E74220BEA1E8002D8CC0 /* Base */,
			);
			name = Main.storyboard;
			sourceTree = "<group>";
		};
		78D2E74620BEA1EA002D8CC0 /* LaunchScreen.storyboard */ = {
			isa = PBXVariantGroup;
			children = (
				78D2E74720BEA1EA002D8CC0 /* Base */,
			);
			name = LaunchScreen.storyboard;
			sourceTree = "<group>";
		};
/* End PBXVariantGroup section */

/* Begin XCBuildConfiguration section */
		78D2E76020BEA1EA002D8CC0 /* Debug */ = {
			isa = XCBuildConfiguration;
			buildSettings = {
				ALWAYS_SEARCH_USER_PATHS = NO;
				CLANG_ANALYZER_NONNULL = YES;
				CLANG_ANALYZER_NUMBER_OBJECT_CONVERSION = YES_AGGRESSIVE;
				CLANG_CXX_LANGUAGE_STANDARD = "gnu++14";
				CLANG_CXX_LIBRARY = "libc++";
				CLANG_ENABLE_MODULES = YES;
				CLANG_ENABLE_OBJC_ARC = YES;
				CLANG_ENABLE_OBJC_WEAK = YES;
				CLANG_WARN_BLOCK_CAPTURE_AUTORELEASING = YES;
				CLANG_WARN_BOOL_CONVERSION = YES;
				CLANG_WARN_COMMA = YES;
				CLANG_WARN_CONSTANT_CONVERSION = YES;
				CLANG_WARN_DEPRECATED_OBJC_IMPLEMENTATIONS = YES;
				CLANG_WARN_DIRECT_OBJC_ISA_USAGE = YES_ERROR;
				CLANG_WARN_DOCUMENTATION_COMMENTS = YES;
				CLANG_WARN_EMPTY_BODY = YES;
				CLANG_WARN_ENUM_CONVERSION = YES;
				CLANG_WARN_INFINITE_RECURSION = YES;
				CLANG_WARN_INT_CONVERSION = YES;
				CLANG_WARN_NON_LITERAL_NULL_CONVERSION = YES;
				CLANG_WARN_OBJC_IMPLICIT_RETAIN_SELF = YES;
				CLANG_WARN_OBJC_LITERAL_CONVERSION = YES;
				CLANG_WARN_OBJC_ROOT_CLASS = YES_ERROR;
				CLANG_WARN_RANGE_LOOP_ANALYSIS = YES;
				CLANG_WARN_STRICT_PROTOTYPES = YES;
				CLANG_WARN_SUSPICIOUS_MOVE = YES;
				CLANG_WARN_UNGUARDED_AVAILABILITY = YES_AGGRESSIVE;
				CLANG_WARN_UNREACHABLE_CODE = YES;
				CLANG_WARN__DUPLICATE_METHOD_MATCH = YES;
				CODE_SIGN_IDENTITY = "iPhone Developer";
				COPY_PHASE_STRIP = NO;
				DEBUG_INFORMATION_FORMAT = dwarf;
				ENABLE_STRICT_OBJC_MSGSEND = YES;
				ENABLE_TESTABILITY = YES;
				GCC_C_LANGUAGE_STANDARD = gnu11;
				GCC_DYNAMIC_NO_PIC = NO;
				GCC_NO_COMMON_BLOCKS = YES;
				GCC_OPTIMIZATION_LEVEL = 0;
				GCC_PREPROCESSOR_DEFINITIONS = (
					"DEBUG=1",
					"$(inherited)",
				);
				GCC_WARN_64_TO_32_BIT_CONVERSION = YES;
				GCC_WARN_ABOUT_RETURN_TYPE = YES_ERROR;
				GCC_WARN_UNDECLARED_SELECTOR = YES;
				GCC_WARN_UNINITIALIZED_AUTOS = YES_AGGRESSIVE;
				GCC_WARN_UNUSED_FUNCTION = YES;
				GCC_WARN_UNUSED_VARIABLE = YES;
				IPHONEOS_DEPLOYMENT_TARGET = 11.3;
				MTL_ENABLE_DEBUG_INFO = YES;
				ONLY_ACTIVE_ARCH = YES;
				SDKROOT = iphoneos;
				SWIFT_ACTIVE_COMPILATION_CONDITIONS = DEBUG;
				SWIFT_OPTIMIZATION_LEVEL = "-Onone";
			};
			name = Debug;
		};
		78D2E76120BEA1EA002D8CC0 /* Release */ = {
			isa = XCBuildConfiguration;
			buildSettings = {
				ALWAYS_SEARCH_USER_PATHS = NO;
				CLANG_ANALYZER_NONNULL = YES;
				CLANG_ANALYZER_NUMBER_OBJECT_CONVERSION = YES_AGGRESSIVE;
				CLANG_CXX_LANGUAGE_STANDARD = "gnu++14";
				CLANG_CXX_LIBRARY = "libc++";
				CLANG_ENABLE_MODULES = YES;
				CLANG_ENABLE_OBJC_ARC = YES;
				CLANG_ENABLE_OBJC_WEAK = YES;
				CLANG_WARN_BLOCK_CAPTURE_AUTORELEASING = YES;
				CLANG_WARN_BOOL_CONVERSION = YES;
				CLANG_WARN_COMMA = YES;
				CLANG_WARN_CONSTANT_CONVERSION = YES;
				CLANG_WARN_DEPRECATED_OBJC_IMPLEMENTATIONS = YES;
				CLANG_WARN_DIRECT_OBJC_ISA_USAGE = YES_ERROR;
				CLANG_WARN_DOCUMENTATION_COMMENTS = YES;
				CLANG_WARN_EMPTY_BODY = YES;
				CLANG_WARN_ENUM_CONVERSION = YES;
				CLANG_WARN_INFINITE_RECURSION = YES;
				CLANG_WARN_INT_CONVERSION = YES;
				CLANG_WARN_NON_LITERAL_NULL_CONVERSION = YES;
				CLANG_WARN_OBJC_IMPLICIT_RETAIN_SELF = YES;
				CLANG_WARN_OBJC_LITERAL_CONVERSION = YES;
				CLANG_WARN_OBJC_ROOT_CLASS = YES_ERROR;
				CLANG_WARN_RANGE_LOOP_ANALYSIS = YES;
				CLANG_WARN_STRICT_PROTOTYPES = YES;
				CLANG_WARN_SUSPICIOUS_MOVE = YES;
				CLANG_WARN_UNGUARDED_AVAILABILITY = YES_AGGRESSIVE;
				CLANG_WARN_UNREACHABLE_CODE = YES;
				CLANG_WARN__DUPLICATE_METHOD_MATCH = YES;
				CODE_SIGN_IDENTITY = "iPhone Developer";
				COPY_PHASE_STRIP = NO;
				DEBUG_INFORMATION_FORMAT = "dwarf-with-dsym";
				ENABLE_NS_ASSERTIONS = NO;
				ENABLE_STRICT_OBJC_MSGSEND = YES;
				GCC_C_LANGUAGE_STANDARD = gnu11;
				GCC_NO_COMMON_BLOCKS = YES;
				GCC_WARN_64_TO_32_BIT_CONVERSION = YES;
				GCC_WARN_ABOUT_RETURN_TYPE = YES_ERROR;
				GCC_WARN_UNDECLARED_SELECTOR = YES;
				GCC_WARN_UNINITIALIZED_AUTOS = YES_AGGRESSIVE;
				GCC_WARN_UNUSED_FUNCTION = YES;
				GCC_WARN_UNUSED_VARIABLE = YES;
				IPHONEOS_DEPLOYMENT_TARGET = 11.3;
				MTL_ENABLE_DEBUG_INFO = NO;
				SDKROOT = iphoneos;
				SWIFT_COMPILATION_MODE = wholemodule;
				SWIFT_OPTIMIZATION_LEVEL = "-O";
				VALIDATE_PRODUCT = YES;
			};
			name = Release;
		};
		78D2E76320BEA1EA002D8CC0 /* Debug */ = {
			isa = XCBuildConfiguration;
			buildSettings = {
				ASSETCATALOG_COMPILER_APPICON_NAME = AppIcon;
				CODE_SIGN_STYLE = Automatic;
				DEVELOPMENT_TEAM = B76T963N9W;
				INFOPLIST_FILE = LernGruppe/Info.plist;
				LD_RUNPATH_SEARCH_PATHS = (
					"$(inherited)",
					"@executable_path/Frameworks",
				);
				PRODUCT_BUNDLE_IDENTIFIER = private.LernGruppe;
				PRODUCT_NAME = "$(TARGET_NAME)";
				SWIFT_VERSION = 4.0;
				TARGETED_DEVICE_FAMILY = "1,2";
			};
			name = Debug;
		};
		78D2E76420BEA1EA002D8CC0 /* Release */ = {
			isa = XCBuildConfiguration;
			buildSettings = {
				ASSETCATALOG_COMPILER_APPICON_NAME = AppIcon;
				CODE_SIGN_STYLE = Automatic;
				DEVELOPMENT_TEAM = B76T963N9W;
				INFOPLIST_FILE = LernGruppe/Info.plist;
				LD_RUNPATH_SEARCH_PATHS = (
					"$(inherited)",
					"@executable_path/Frameworks",
				);
				PRODUCT_BUNDLE_IDENTIFIER = private.LernGruppe;
				PRODUCT_NAME = "$(TARGET_NAME)";
				SWIFT_VERSION = 4.0;
				TARGETED_DEVICE_FAMILY = "1,2";
			};
			name = Release;
		};
		78D2E76620BEA1EA002D8CC0 /* Debug */ = {
			isa = XCBuildConfiguration;
			buildSettings = {
				ALWAYS_EMBED_SWIFT_STANDARD_LIBRARIES = YES;
				BUNDLE_LOADER = "$(TEST_HOST)";
				CODE_SIGN_STYLE = Automatic;
				DEVELOPMENT_TEAM = B76T963N9W;
				INFOPLIST_FILE = LernGruppeTests/Info.plist;
				LD_RUNPATH_SEARCH_PATHS = (
					"$(inherited)",
					"@executable_path/Frameworks",
					"@loader_path/Frameworks",
				);
				PRODUCT_BUNDLE_IDENTIFIER = private.LernGruppeTests;
				PRODUCT_NAME = "$(TARGET_NAME)";
				SWIFT_VERSION = 4.0;
				TARGETED_DEVICE_FAMILY = "1,2";
				TEST_HOST = "$(BUILT_PRODUCTS_DIR)/LernGruppe.app/LernGruppe";
			};
			name = Debug;
		};
		78D2E76720BEA1EA002D8CC0 /* Release */ = {
			isa = XCBuildConfiguration;
			buildSettings = {
				ALWAYS_EMBED_SWIFT_STANDARD_LIBRARIES = YES;
				BUNDLE_LOADER = "$(TEST_HOST)";
				CODE_SIGN_STYLE = Automatic;
				DEVELOPMENT_TEAM = B76T963N9W;
				INFOPLIST_FILE = LernGruppeTests/Info.plist;
				LD_RUNPATH_SEARCH_PATHS = (
					"$(inherited)",
					"@executable_path/Frameworks",
					"@loader_path/Frameworks",
				);
				PRODUCT_BUNDLE_IDENTIFIER = private.LernGruppeTests;
				PRODUCT_NAME = "$(TARGET_NAME)";
				SWIFT_VERSION = 4.0;
				TARGETED_DEVICE_FAMILY = "1,2";
				TEST_HOST = "$(BUILT_PRODUCTS_DIR)/LernGruppe.app/LernGruppe";
			};
			name = Release;
		};
		78D2E76920BEA1EA002D8CC0 /* Debug */ = {
			isa = XCBuildConfiguration;
			buildSettings = {
				ALWAYS_EMBED_SWIFT_STANDARD_LIBRARIES = YES;
				CODE_SIGN_STYLE = Automatic;
				DEVELOPMENT_TEAM = B76T963N9W;
				INFOPLIST_FILE = LernGruppeUITests/Info.plist;
				LD_RUNPATH_SEARCH_PATHS = (
					"$(inherited)",
					"@executable_path/Frameworks",
					"@loader_path/Frameworks",
				);
				PRODUCT_BUNDLE_IDENTIFIER = private.LernGruppeUITests;
				PRODUCT_NAME = "$(TARGET_NAME)";
				SWIFT_VERSION = 4.0;
				TARGETED_DEVICE_FAMILY = "1,2";
				TEST_TARGET_NAME = LernGruppe;
			};
			name = Debug;
		};
		78D2E76A20BEA1EA002D8CC0 /* Release */ = {
			isa = XCBuildConfiguration;
			buildSettings = {
				ALWAYS_EMBED_SWIFT_STANDARD_LIBRARIES = YES;
				CODE_SIGN_STYLE = Automatic;
				DEVELOPMENT_TEAM = B76T963N9W;
				INFOPLIST_FILE = LernGruppeUITests/Info.plist;
				LD_RUNPATH_SEARCH_PATHS = (
					"$(inherited)",
					"@executable_path/Frameworks",
					"@loader_path/Frameworks",
				);
				PRODUCT_BUNDLE_IDENTIFIER = private.LernGruppeUITests;
				PRODUCT_NAME = "$(TARGET_NAME)";
				SWIFT_VERSION = 4.0;
				TARGETED_DEVICE_FAMILY = "1,2";
				TEST_TARGET_NAME = LernGruppe;
			};
			name = Release;
		};
/* End XCBuildConfiguration section */

/* Begin XCConfigurationList section */
		78D2E73520BEA1E7002D8CC0 /* Build configuration list for PBXProject "LernGruppe" */ = {
			isa = XCConfigurationList;
			buildConfigurations = (
				78D2E76020BEA1EA002D8CC0 /* Debug */,
				78D2E76120BEA1EA002D8CC0 /* Release */,
			);
			defaultConfigurationIsVisible = 0;
			defaultConfigurationName = Release;
		};
		78D2E76220BEA1EA002D8CC0 /* Build configuration list for PBXNativeTarget "LernGruppe" */ = {
			isa = XCConfigurationList;
			buildConfigurations = (
				78D2E76320BEA1EA002D8CC0 /* Debug */,
				78D2E76420BEA1EA002D8CC0 /* Release */,
			);
			defaultConfigurationIsVisible = 0;
			defaultConfigurationName = Release;
		};
		78D2E76520BEA1EA002D8CC0 /* Build configuration list for PBXNativeTarget "LernGruppeTests" */ = {
			isa = XCConfigurationList;
			buildConfigurations = (
				78D2E76620BEA1EA002D8CC0 /* Debug */,
				78D2E76720BEA1EA002D8CC0 /* Release */,
			);
			defaultConfigurationIsVisible = 0;
			defaultConfigurationName = Release;
		};
		78D2E76820BEA1EA002D8CC0 /* Build configuration list for PBXNativeTarget "LernGruppeUITests" */ = {
			isa = XCConfigurationList;
			buildConfigurations = (
				78D2E76920BEA1EA002D8CC0 /* Debug */,
				78D2E76A20BEA1EA002D8CC0 /* Release */,
			);
			defaultConfigurationIsVisible = 0;
			defaultConfigurationName = Release;
		};
/* End XCConfigurationList section */
	};
	rootObject = 78D2E73220BEA1E7002D8CC0 /* Project object */;
}
